
Microsoft Visual Studio Solution File, Format Version 12.00
# Visual Studio Version 17
VisualStudioVersion = 17.5.002.0
MinimumVisualStudioVersion = 10.0.40219.1
Project("{9A19103F-16F7-4668-BE54-9A1E7A4F7556}") = "Aula_1", "Aula_1\Aula_1.csproj", "{7A06A10E-B917-4EBC-A171-AFC9A40F2E80}"
EndProject
Project("{9A19103F-16F7-4668-BE54-9A1E7A4F7556}") = "Aula_2", "Aula_2\Aula_2.csproj", "{ce8bb0c9-1b3b-4376-9677-0276f71234c0}"
EndProject
Project("{9A19103F-16F7-4668-BE54-9A1E7A4F7556}") = "Aula_3", "Aula_3\Aula_3.csproj", "{bf1bcb1c-dc90-45f9-88d4-8157126b5b44}"
EndProject
Project("{9A19103F-16F7-4668-BE54-9A1E7A4F7556}") = "Aula_4", "Aula_4\Aula_4.csproj", "{f1ea5bc1-12e6-4ebb-9423-7063d4728146}"
EndProject
Project("{9A19103F-16F7-4668-BE54-9A1E7A4F7556}") = "Aula_5", "Aula_5\Aula_5.csproj", "{88d8ab70-bf96-4b0e-936e-8102b322cbc3}"
EndProject
Project("{9A19103F-16F7-4668-BE54-9A1E7A4F7556}") = "Aula_6", "Aula_6\Aula_6.csproj", "{726c50f7-e36e-4d0d-beec-dc2cfba78cda}"
EndProject
Project("{9A19103F-16F7-4668-BE54-9A1E7A4F7556}") = "Aula_7", "Aula_7\Aula_7.csproj", "{0b72fda2-59a9-4775-8fbe-43d7df71b978}"
EndProject
Project("{9A19103F-16F7-4668-BE54-9A1E7A4F7556}") = "Aula_8", "Aula_8\Aula_8.csproj", "{c9ff3c33-1766-40ab-8644-f5ae16a8924e}"
EndProject
Project("{9A19103F-16F7-4668-BE54-9A1E7A4F7556}") = "Aula_9", "Aula_9\Aula_9.csproj", "{f8a4259e-3da8-4cd7-b428-61770106f7f7}"
EndProject
Project("{FAE04EC0-301F-11D3-BF4B-00C04F79EFBC}") = "Aula_10", "Aula_10\Aula_10.csproj", "{01ca6d9e-a0a6-43b6-887c-e318af544645}"
EndProject
Project("{FAE04EC0-301F-11D3-BF4B-00C04F79EFBC}") = "Aula_11", "Aula_11\Aula_11.csproj", "{A92CD747-0D93-4810-886A-090A5D6C1324}"
EndProject
Project("{9A19103F-16F7-4668-BE54-9A1E7A4F7556}") = "Exercicios_Revisao", "Exercicios_Revisao\Exercicios_Revisao.csproj", "{7aba23a5-5118-4ede-b1cc-b0ba4b925274}"
EndProject
Project("{FAE04EC0-301F-11D3-BF4B-00C04F79EFBC}") = "Desafio", "Desafio\Desafio.csproj", "{0B478091-473D-4CD9-8667-68251696499C}"
EndProject
Project("{FAE04EC0-301F-11D3-BF4B-00C04F79EFBC}") = "Aula_12", "Aula_12\Aula_12.csproj", "{647A5099-B134-405A-95AD-5F0D519D5DC9}"
EndProject
Project("{FAE04EC0-301F-11D3-BF4B-00C04F79EFBC}") = "Aula_13", "Aula_13\Aula_13.csproj", "{7E828D68-CC50-4D61-931B-C8A1E0854970}"
EndProject
Project("{FAE04EC0-301F-11D3-BF4B-00C04F79EFBC}") = "Aula_14", "Aula_14\Aula_14.csproj", "{061FD11B-2B49-4603-8E46-64712E1D1674}"
EndProject
Global
	GlobalSection(SolutionConfigurationPlatforms) = preSolution
		Debug|Any CPU = Debug|Any CPU
		Release|Any CPU = Release|Any CPU
	EndGlobalSection
	GlobalSection(ProjectConfigurationPlatforms) = postSolution
		{7A06A10E-B917-4EBC-A171-AFC9A40F2E80}.Debug|Any CPU.ActiveCfg = Debug|Any CPU
		{7A06A10E-B917-4EBC-A171-AFC9A40F2E80}.Debug|Any CPU.Build.0 = Debug|Any CPU
		{7A06A10E-B917-4EBC-A171-AFC9A40F2E80}.Release|Any CPU.ActiveCfg = Release|Any CPU
		{7A06A10E-B917-4EBC-A171-AFC9A40F2E80}.Release|Any CPU.Build.0 = Release|Any CPU
		{4841AAA0-8D0F-416A-B06A-1FB1B7FC10D8}.Debug|Any CPU.ActiveCfg = Debug|Any CPU
		{4841AAA0-8D0F-416A-B06A-1FB1B7FC10D8}.Debug|Any CPU.Build.0 = Debug|Any CPU
		{4841AAA0-8D0F-416A-B06A-1FB1B7FC10D8}.Release|Any CPU.ActiveCfg = Release|Any CPU
		{4841AAA0-8D0F-416A-B06A-1FB1B7FC10D8}.Release|Any CPU.Build.0 = Release|Any CPU
		{0FB5D0D7-AB6E-43A5-85A0-15BB6C2FBD59}.Debug|Any CPU.ActiveCfg = Debug|Any CPU
		{0FB5D0D7-AB6E-43A5-85A0-15BB6C2FBD59}.Debug|Any CPU.Build.0 = Debug|Any CPU
		{0FB5D0D7-AB6E-43A5-85A0-15BB6C2FBD59}.Release|Any CPU.ActiveCfg = Release|Any CPU
		{0FB5D0D7-AB6E-43A5-85A0-15BB6C2FBD59}.Release|Any CPU.Build.0 = Release|Any CPU
		{A92CD747-0D93-4810-886A-090A5D6C1324}.Debug|Any CPU.ActiveCfg = Debug|Any CPU
		{A92CD747-0D93-4810-886A-090A5D6C1324}.Debug|Any CPU.Build.0 = Debug|Any CPU
		{A92CD747-0D93-4810-886A-090A5D6C1324}.Release|Any CPU.ActiveCfg = Release|Any CPU
		{A92CD747-0D93-4810-886A-090A5D6C1324}.Release|Any CPU.Build.0 = Release|Any CPU
		{0B478091-473D-4CD9-8667-68251696499C}.Debug|Any CPU.ActiveCfg = Debug|Any CPU
		{0B478091-473D-4CD9-8667-68251696499C}.Debug|Any CPU.Build.0 = Debug|Any CPU
		{0B478091-473D-4CD9-8667-68251696499C}.Release|Any CPU.ActiveCfg = Release|Any CPU
		{0B478091-473D-4CD9-8667-68251696499C}.Release|Any CPU.Build.0 = Release|Any CPU
		{647A5099-B134-405A-95AD-5F0D519D5DC9}.Debug|Any CPU.ActiveCfg = Debug|Any CPU
		{647A5099-B134-405A-95AD-5F0D519D5DC9}.Debug|Any CPU.Build.0 = Debug|Any CPU
		{647A5099-B134-405A-95AD-5F0D519D5DC9}.Release|Any CPU.ActiveCfg = Release|Any CPU
		{647A5099-B134-405A-95AD-5F0D519D5DC9}.Release|Any CPU.Build.0 = Release|Any CPU
		{7E828D68-CC50-4D61-931B-C8A1E0854970}.Debug|Any CPU.ActiveCfg = Debug|Any CPU
		{7E828D68-CC50-4D61-931B-C8A1E0854970}.Debug|Any CPU.Build.0 = Debug|Any CPU
		{7E828D68-CC50-4D61-931B-C8A1E0854970}.Release|Any CPU.ActiveCfg = Release|Any CPU
		{7E828D68-CC50-4D61-931B-C8A1E0854970}.Release|Any CPU.Build.0 = Release|Any CPU
		{061FD11B-2B49-4603-8E46-64712E1D1674}.Debug|Any CPU.ActiveCfg = Debug|Any CPU
		{061FD11B-2B49-4603-8E46-64712E1D1674}.Debug|Any CPU.Build.0 = Debug|Any CPU
		{061FD11B-2B49-4603-8E46-64712E1D1674}.Release|Any CPU.ActiveCfg = Release|Any CPU
		{061FD11B-2B49-4603-8E46-64712E1D1674}.Release|Any CPU.Build.0 = Release|Any CPU
	EndGlobalSection
	GlobalSection(SolutionProperties) = preSolution
		HideSolutionNode = FALSE
	EndGlobalSection
	GlobalSection(ExtensibilityGlobals) = postSolution
		SolutionGuid = {6EE6D40E-2764-40EA-9F5D-24D7643F41AF}
	EndGlobalSection
EndGlobal
