
Microsoft Visual Studio Solution File, Format Version 12.00
# Visual Studio Version 17
VisualStudioVersion = 17.5.002.0
MinimumVisualStudioVersion = 10.0.40219.1
Project("{9A19103F-16F7-4668-BE54-9A1E7A4F7556}") = "Aula_1", "Aula_1\Aula_1.csproj", "{7A06A10E-B917-4EBC-A171-AFC9A40F2E80}"
EndProject
Project("{9A19103F-16F7-4668-BE54-9A1E7A4F7556}") = "Aula_2", "Aula_2\Aula_2.csproj", "{ce8bb0c9-1b3b-4376-9677-0276f71234c0}"
EndProject
Project("{9A19103F-16F7-4668-BE54-9A1E7A4F7556}") = "Aula_3", "Aula_3\Aula_3.csproj", "{bf1bcb1c-dc90-45f9-88d4-8157126b5b44}"
EndProject
Project("{9A19103F-16F7-4668-BE54-9A1E7A4F7556}") = "Aula_4", "Aula_4\Aula_4.csproj", "{f1ea5bc1-12e6-4ebb-9423-7063d4728146}"
EndProject
Project("{9A19103F-16F7-4668-BE54-9A1E7A4F7556}") = "Aula_5", "Aula_5\Aula_5.csproj", "{88d8ab70-bf96-4b0e-936e-8102b322cbc3}"
EndProject
Project("{9A19103F-16F7-4668-BE54-9A1E7A4F7556}") = "Exercicios_Revisao", "Exercicios_Revisao\Exercicios_Revisao.csproj", "{7aba23a5-5118-4ede-b1cc-b0ba4b925274}"
EndProject
Global
	GlobalSection(SolutionConfigurationPlatforms) = preSolution
		Debug|Any CPU = Debug|Any CPU
		Release|Any CPU = Release|Any CPU
	EndGlobalSection
	GlobalSection(ProjectConfigurationPlatforms) = postSolution
		{7A06A10E-B917-4EBC-A171-AFC9A40F2E80}.Debug|Any CPU.ActiveCfg = Debug|Any CPU
		{7A06A10E-B917-4EBC-A171-AFC9A40F2E80}.Debug|Any CPU.Build.0 = Debug|Any CPU
		{7A06A10E-B917-4EBC-A171-AFC9A40F2E80}.Release|Any CPU.ActiveCfg = Release|Any CPU
		{7A06A10E-B917-4EBC-A171-AFC9A40F2E80}.Release|Any CPU.Build.0 = Release|Any CPU
	EndGlobalSection
	GlobalSection(SolutionProperties) = preSolution
		HideSolutionNode = FALSE
	EndGlobalSection
	GlobalSection(ExtensibilityGlobals) = postSolution
		SolutionGuid = {6EE6D40E-2764-40EA-9F5D-24D7643F41AF}
	EndGlobalSection
EndGlobal
